
Microsoft Visual Studio Solution File, Format Version 12.00
# Visual Studio Version 17
VisualStudioVersion = 17.0.32014.148
MinimumVisualStudioVersion = 10.0.40219.1
Project("{FAE04EC0-301F-11D3-BF4B-00C04F79EFBC}") = "Primeiro projeto CSharp", "Primeiro projeto CSharp\Primeiro projeto CSharp.csproj", "{B922889C-8543-47AD-9545-D56406299DE4}"
EndProject
Global
	GlobalSection(SolutionConfigurationPlatforms) = preSolution
		Debug|Any CPU = Debug|Any CPU
		Release|Any CPU = Release|Any CPU
	EndGlobalSection
	GlobalSection(ProjectConfigurationPlatforms) = postSolution
		{B922889C-8543-47AD-9545-D56406299DE4}.Debug|Any CPU.ActiveCfg = Debug|Any CPU
		{B922889C-8543-47AD-9545-D56406299DE4}.Debug|Any CPU.Build.0 = Debug|Any CPU
		{B922889C-8543-47AD-9545-D56406299DE4}.Release|Any CPU.ActiveCfg = Release|Any CPU
		{B922889C-8543-47AD-9545-D56406299DE4}.Release|Any CPU.Build.0 = Release|Any CPU
	EndGlobalSection
	GlobalSection(SolutionProperties) = preSolution
		HideSolutionNode = FALSE
	EndGlobalSection
	GlobalSection(ExtensibilityGlobals) = postSolution
		SolutionGuid = {655B93A2-6067-4C9F-9190-9D42EC4F11A9}
	EndGlobalSection
EndGlobal
